// !$*UTF8*$!
{
	archiveVersion = 1;
	classes = {
	};
	objectVersion = 56;
	objects = {

/* Begin PBXBuildFile section */
		F03360242AEC09F5000E7748 /* AppDelegate.swift in Sources */ = {isa = PBXBuildFile; fileRef = F03360232AEC09F5000E7748 /* AppDelegate.swift */; };
		F03360262AEC09F5000E7748 /* SceneDelegate.swift in Sources */ = {isa = PBXBuildFile; fileRef = F03360252AEC09F5000E7748 /* SceneDelegate.swift */; };
		F03360282AEC09F5000E7748 /* ViewController.swift in Sources */ = {isa = PBXBuildFile; fileRef = F03360272AEC09F5000E7748 /* ViewController.swift */; };
		F033602E2AEC09F6000E7748 /* KinzooTask.xcdatamodeld in Sources */ = {isa = PBXBuildFile; fileRef = F033602C2AEC09F6000E7748 /* KinzooTask.xcdatamodeld */; };
		F03360302AEC09F7000E7748 /* Assets.xcassets in Resources */ = {isa = PBXBuildFile; fileRef = F033602F2AEC09F7000E7748 /* Assets.xcassets */; };
		F03360332AEC09F7000E7748 /* LaunchScreen.storyboard in Resources */ = {isa = PBXBuildFile; fileRef = F03360312AEC09F7000E7748 /* LaunchScreen.storyboard */; };
		F033603E2AEC09F7000E7748 /* KinzooTaskTests.swift in Sources */ = {isa = PBXBuildFile; fileRef = F033603D2AEC09F7000E7748 /* KinzooTaskTests.swift */; };
		F03360482AEC09F7000E7748 /* KinzooTaskUITests.swift in Sources */ = {isa = PBXBuildFile; fileRef = F03360472AEC09F7000E7748 /* KinzooTaskUITests.swift */; };
		F033604A2AEC09F7000E7748 /* KinzooTaskUITestsLaunchTests.swift in Sources */ = {isa = PBXBuildFile; fileRef = F03360492AEC09F7000E7748 /* KinzooTaskUITestsLaunchTests.swift */; };
		F033605B2AEC0AA4000E7748 /* APIEndpoints.swift in Sources */ = {isa = PBXBuildFile; fileRef = F033605A2AEC0AA4000E7748 /* APIEndpoints.swift */; };
		F033605D2AEC0AB1000E7748 /* APIRequestConfig.swift in Sources */ = {isa = PBXBuildFile; fileRef = F033605C2AEC0AB1000E7748 /* APIRequestConfig.swift */; };
		F033605F2AEC0AC1000E7748 /* APIResponseHandler.swift in Sources */ = {isa = PBXBuildFile; fileRef = F033605E2AEC0AC1000E7748 /* APIResponseHandler.swift */; };
		F03360612AEC0AD6000E7748 /* APIManager.swift in Sources */ = {isa = PBXBuildFile; fileRef = F03360602AEC0AD6000E7748 /* APIManager.swift */; };
/* End PBXBuildFile section */

/* Begin PBXContainerItemProxy section */
		F033603A2AEC09F7000E7748 /* PBXContainerItemProxy */ = {
			isa = PBXContainerItemProxy;
			containerPortal = F03360182AEC09F5000E7748 /* Project object */;
			proxyType = 1;
			remoteGlobalIDString = F033601F2AEC09F5000E7748;
			remoteInfo = KinzooTask;
		};
		F03360442AEC09F7000E7748 /* PBXContainerItemProxy */ = {
			isa = PBXContainerItemProxy;
			containerPortal = F03360182AEC09F5000E7748 /* Project object */;
			proxyType = 1;
			remoteGlobalIDString = F033601F2AEC09F5000E7748;
			remoteInfo = KinzooTask;
		};
/* End PBXContainerItemProxy section */

/* Begin PBXFileReference section */
		F03360202AEC09F5000E7748 /* KinzooTask.app */ = {isa = PBXFileReference; explicitFileType = wrapper.application; includeInIndex = 0; path = KinzooTask.app; sourceTree = BUILT_PRODUCTS_DIR; };
		F03360232AEC09F5000E7748 /* AppDelegate.swift */ = {isa = PBXFileReference; lastKnownFileType = sourcecode.swift; path = AppDelegate.swift; sourceTree = "<group>"; };
		F03360252AEC09F5000E7748 /* SceneDelegate.swift */ = {isa = PBXFileReference; lastKnownFileType = sourcecode.swift; path = SceneDelegate.swift; sourceTree = "<group>"; };
		F03360272AEC09F5000E7748 /* ViewController.swift */ = {isa = PBXFileReference; lastKnownFileType = sourcecode.swift; path = ViewController.swift; sourceTree = "<group>"; };
		F033602D2AEC09F6000E7748 /* KinzooTask.xcdatamodel */ = {isa = PBXFileReference; lastKnownFileType = wrapper.xcdatamodel; path = KinzooTask.xcdatamodel; sourceTree = "<group>"; };
		F033602F2AEC09F7000E7748 /* Assets.xcassets */ = {isa = PBXFileReference; lastKnownFileType = folder.assetcatalog; path = Assets.xcassets; sourceTree = "<group>"; };
		F03360322AEC09F7000E7748 /* Base */ = {isa = PBXFileReference; lastKnownFileType = file.storyboard; name = Base; path = Base.lproj/LaunchScreen.storyboard; sourceTree = "<group>"; };
		F03360342AEC09F7000E7748 /* Info.plist */ = {isa = PBXFileReference; lastKnownFileType = text.plist.xml; path = Info.plist; sourceTree = "<group>"; };
		F03360392AEC09F7000E7748 /* KinzooTaskTests.xctest */ = {isa = PBXFileReference; explicitFileType = wrapper.cfbundle; includeInIndex = 0; path = KinzooTaskTests.xctest; sourceTree = BUILT_PRODUCTS_DIR; };
		F033603D2AEC09F7000E7748 /* KinzooTaskTests.swift */ = {isa = PBXFileReference; lastKnownFileType = sourcecode.swift; path = KinzooTaskTests.swift; sourceTree = "<group>"; };
		F03360432AEC09F7000E7748 /* KinzooTaskUITests.xctest */ = {isa = PBXFileReference; explicitFileType = wrapper.cfbundle; includeInIndex = 0; path = KinzooTaskUITests.xctest; sourceTree = BUILT_PRODUCTS_DIR; };
		F03360472AEC09F7000E7748 /* KinzooTaskUITests.swift */ = {isa = PBXFileReference; lastKnownFileType = sourcecode.swift; path = KinzooTaskUITests.swift; sourceTree = "<group>"; };
		F03360492AEC09F7000E7748 /* KinzooTaskUITestsLaunchTests.swift */ = {isa = PBXFileReference; lastKnownFileType = sourcecode.swift; path = KinzooTaskUITestsLaunchTests.swift; sourceTree = "<group>"; };
		F033605A2AEC0AA4000E7748 /* APIEndpoints.swift */ = {isa = PBXFileReference; lastKnownFileType = sourcecode.swift; path = APIEndpoints.swift; sourceTree = "<group>"; };
		F033605C2AEC0AB1000E7748 /* APIRequestConfig.swift */ = {isa = PBXFileReference; lastKnownFileType = sourcecode.swift; path = APIRequestConfig.swift; sourceTree = "<group>"; };
		F033605E2AEC0AC1000E7748 /* APIResponseHandler.swift */ = {isa = PBXFileReference; lastKnownFileType = sourcecode.swift; path = APIResponseHandler.swift; sourceTree = "<group>"; };
		F03360602AEC0AD6000E7748 /* APIManager.swift */ = {isa = PBXFileReference; lastKnownFileType = sourcecode.swift; path = APIManager.swift; sourceTree = "<group>"; };
/* End PBXFileReference section */

/* Begin PBXFrameworksBuildPhase section */
		F033601D2AEC09F5000E7748 /* Frameworks */ = {
			isa = PBXFrameworksBuildPhase;
			buildActionMask = 2147483647;
			files = (
			);
			runOnlyForDeploymentPostprocessing = 0;
		};
		F03360362AEC09F7000E7748 /* Frameworks */ = {
			isa = PBXFrameworksBuildPhase;
			buildActionMask = 2147483647;
			files = (
			);
			runOnlyForDeploymentPostprocessing = 0;
		};
		F03360402AEC09F7000E7748 /* Frameworks */ = {
			isa = PBXFrameworksBuildPhase;
			buildActionMask = 2147483647;
			files = (
			);
			runOnlyForDeploymentPostprocessing = 0;
		};
/* End PBXFrameworksBuildPhase section */

/* Begin PBXGroup section */
		F03360172AEC09F5000E7748 = {
			isa = PBXGroup;
			children = (
				F03360222AEC09F5000E7748 /* KinzooTask */,
				F033603C2AEC09F7000E7748 /* KinzooTaskTests */,
				F03360462AEC09F7000E7748 /* KinzooTaskUITests */,
				F03360212AEC09F5000E7748 /* Products */,
			);
			sourceTree = "<group>";
		};
		F03360212AEC09F5000E7748 /* Products */ = {
			isa = PBXGroup;
			children = (
				F03360202AEC09F5000E7748 /* KinzooTask.app */,
				F03360392AEC09F7000E7748 /* KinzooTaskTests.xctest */,
				F03360432AEC09F7000E7748 /* KinzooTaskUITests.xctest */,
			);
			name = Products;
			sourceTree = "<group>";
		};
		F03360222AEC09F5000E7748 /* KinzooTask */ = {
			isa = PBXGroup;
			children = (
				F03360232AEC09F5000E7748 /* AppDelegate.swift */,
				F03360252AEC09F5000E7748 /* SceneDelegate.swift */,
				F03360592AEC0A95000E7748 /* APIManager */,
				F03360582AEC0A80000E7748 /* Presenter */,
				F03360572AEC0A7C000E7748 /* View */,
				F03360562AEC0A77000E7748 /* Model */,
				F033602F2AEC09F7000E7748 /* Assets.xcassets */,
				F03360312AEC09F7000E7748 /* LaunchScreen.storyboard */,
				F03360342AEC09F7000E7748 /* Info.plist */,
				F033602C2AEC09F6000E7748 /* KinzooTask.xcdatamodeld */,
			);
			path = KinzooTask;
			sourceTree = "<group>";
		};
		F033603C2AEC09F7000E7748 /* KinzooTaskTests */ = {
			isa = PBXGroup;
			children = (
				F033603D2AEC09F7000E7748 /* KinzooTaskTests.swift */,
			);
			path = KinzooTaskTests;
			sourceTree = "<group>";
		};
		F03360462AEC09F7000E7748 /* KinzooTaskUITests */ = {
			isa = PBXGroup;
			children = (
				F03360472AEC09F7000E7748 /* KinzooTaskUITests.swift */,
				F03360492AEC09F7000E7748 /* KinzooTaskUITestsLaunchTests.swift */,
			);
			path = KinzooTaskUITests;
			sourceTree = "<group>";
		};
		F03360562AEC0A77000E7748 /* Model */ = {
			isa = PBXGroup;
			children = (
			);
			path = Model;
			sourceTree = "<group>";
		};
		F03360572AEC0A7C000E7748 /* View */ = {
			isa = PBXGroup;
			children = (
				F03360272AEC09F5000E7748 /* ViewController.swift */,
			);
			path = View;
			sourceTree = "<group>";
		};
		F03360582AEC0A80000E7748 /* Presenter */ = {
			isa = PBXGroup;
			children = (
			);
			path = Presenter;
			sourceTree = "<group>";
		};
		F03360592AEC0A95000E7748 /* APIManager */ = {
			isa = PBXGroup;
			children = (
				F033605A2AEC0AA4000E7748 /* APIEndpoints.swift */,
				F033605C2AEC0AB1000E7748 /* APIRequestConfig.swift */,
				F033605E2AEC0AC1000E7748 /* APIResponseHandler.swift */,
				F03360602AEC0AD6000E7748 /* APIManager.swift */,
			);
			path = APIManager;
			sourceTree = "<group>";
		};
/* End PBXGroup section */

/* Begin PBXNativeTarget section */
		F033601F2AEC09F5000E7748 /* KinzooTask */ = {
			isa = PBXNativeTarget;
			buildConfigurationList = F033604D2AEC09F7000E7748 /* Build configuration list for PBXNativeTarget "KinzooTask" */;
			buildPhases = (
				F033601C2AEC09F5000E7748 /* Sources */,
				F033601D2AEC09F5000E7748 /* Frameworks */,
				F033601E2AEC09F5000E7748 /* Resources */,
			);
			buildRules = (
			);
			dependencies = (
			);
			name = KinzooTask;
			productName = KinzooTask;
			productReference = F03360202AEC09F5000E7748 /* KinzooTask.app */;
			productType = "com.apple.product-type.application";
		};
		F03360382AEC09F7000E7748 /* KinzooTaskTests */ = {
			isa = PBXNativeTarget;
			buildConfigurationList = F03360502AEC09F7000E7748 /* Build configuration list for PBXNativeTarget "KinzooTaskTests" */;
			buildPhases = (
				F03360352AEC09F7000E7748 /* Sources */,
				F03360362AEC09F7000E7748 /* Frameworks */,
				F03360372AEC09F7000E7748 /* Resources */,
			);
			buildRules = (
			);
			dependencies = (
				F033603B2AEC09F7000E7748 /* PBXTargetDependency */,
			);
			name = KinzooTaskTests;
			productName = KinzooTaskTests;
			productReference = F03360392AEC09F7000E7748 /* KinzooTaskTests.xctest */;
			productType = "com.apple.product-type.bundle.unit-test";
		};
		F03360422AEC09F7000E7748 /* KinzooTaskUITests */ = {
			isa = PBXNativeTarget;
			buildConfigurationList = F03360532AEC09F7000E7748 /* Build configuration list for PBXNativeTarget "KinzooTaskUITests" */;
			buildPhases = (
				F033603F2AEC09F7000E7748 /* Sources */,
				F03360402AEC09F7000E7748 /* Frameworks */,
				F03360412AEC09F7000E7748 /* Resources */,
			);
			buildRules = (
			);
			dependencies = (
				F03360452AEC09F7000E7748 /* PBXTargetDependency */,
			);
			name = KinzooTaskUITests;
			productName = KinzooTaskUITests;
			productReference = F03360432AEC09F7000E7748 /* KinzooTaskUITests.xctest */;
			productType = "com.apple.product-type.bundle.ui-testing";
		};
/* End PBXNativeTarget section */

/* Begin PBXProject section */
		F03360182AEC09F5000E7748 /* Project object */ = {
			isa = PBXProject;
			attributes = {
				BuildIndependentTargetsInParallel = 1;
				LastSwiftUpdateCheck = 1500;
				LastUpgradeCheck = 1500;
				TargetAttributes = {
					F033601F2AEC09F5000E7748 = {
						CreatedOnToolsVersion = 15.0;
					};
					F03360382AEC09F7000E7748 = {
						CreatedOnToolsVersion = 15.0;
						TestTargetID = F033601F2AEC09F5000E7748;
					};
					F03360422AEC09F7000E7748 = {
						CreatedOnToolsVersion = 15.0;
						TestTargetID = F033601F2AEC09F5000E7748;
					};
				};
			};
			buildConfigurationList = F033601B2AEC09F5000E7748 /* Build configuration list for PBXProject "KinzooTask" */;
			compatibilityVersion = "Xcode 14.0";
			developmentRegion = en;
			hasScannedForEncodings = 0;
			knownRegions = (
				en,
				Base,
			);
			mainGroup = F03360172AEC09F5000E7748;
			productRefGroup = F03360212AEC09F5000E7748 /* Products */;
			projectDirPath = "";
			projectRoot = "";
			targets = (
				F033601F2AEC09F5000E7748 /* KinzooTask */,
				F03360382AEC09F7000E7748 /* KinzooTaskTests */,
				F03360422AEC09F7000E7748 /* KinzooTaskUITests */,
			);
		};
/* End PBXProject section */

/* Begin PBXResourcesBuildPhase section */
		F033601E2AEC09F5000E7748 /* Resources */ = {
			isa = PBXResourcesBuildPhase;
			buildActionMask = 2147483647;
			files = (
				F03360332AEC09F7000E7748 /* LaunchScreen.storyboard in Resources */,
				F03360302AEC09F7000E7748 /* Assets.xcassets in Resources */,
			);
			runOnlyForDeploymentPostprocessing = 0;
		};
		F03360372AEC09F7000E7748 /* Resources */ = {
			isa = PBXResourcesBuildPhase;
			buildActionMask = 2147483647;
			files = (
			);
			runOnlyForDeploymentPostprocessing = 0;
		};
		F03360412AEC09F7000E7748 /* Resources */ = {
			isa = PBXResourcesBuildPhase;
			buildActionMask = 2147483647;
			files = (
			);
			runOnlyForDeploymentPostprocessing = 0;
		};
/* End PBXResourcesBuildPhase section */

/* Begin PBXSourcesBuildPhase section */
		F033601C2AEC09F5000E7748 /* Sources */ = {
			isa = PBXSourcesBuildPhase;
			buildActionMask = 2147483647;
			files = (
				F03360612AEC0AD6000E7748 /* APIManager.swift in Sources */,
				F033605B2AEC0AA4000E7748 /* APIEndpoints.swift in Sources */,
				F033602E2AEC09F6000E7748 /* KinzooTask.xcdatamodeld in Sources */,
				F03360282AEC09F5000E7748 /* ViewController.swift in Sources */,
				F03360242AEC09F5000E7748 /* AppDelegate.swift in Sources */,
				F033605D2AEC0AB1000E7748 /* APIRequestConfig.swift in Sources */,
				F033605F2AEC0AC1000E7748 /* APIResponseHandler.swift in Sources */,
				F03360262AEC09F5000E7748 /* SceneDelegate.swift in Sources */,
			);
			runOnlyForDeploymentPostprocessing = 0;
		};
		F03360352AEC09F7000E7748 /* Sources */ = {
			isa = PBXSourcesBuildPhase;
			buildActionMask = 2147483647;
			files = (
				F033603E2AEC09F7000E7748 /* KinzooTaskTests.swift in Sources */,
			);
			runOnlyForDeploymentPostprocessing = 0;
		};
		F033603F2AEC09F7000E7748 /* Sources */ = {
			isa = PBXSourcesBuildPhase;
			buildActionMask = 2147483647;
			files = (
				F03360482AEC09F7000E7748 /* KinzooTaskUITests.swift in Sources */,
				F033604A2AEC09F7000E7748 /* KinzooTaskUITestsLaunchTests.swift in Sources */,
			);
			runOnlyForDeploymentPostprocessing = 0;
		};
/* End PBXSourcesBuildPhase section */

/* Begin PBXTargetDependency section */
		F033603B2AEC09F7000E7748 /* PBXTargetDependency */ = {
			isa = PBXTargetDependency;
			target = F033601F2AEC09F5000E7748 /* KinzooTask */;
			targetProxy = F033603A2AEC09F7000E7748 /* PBXContainerItemProxy */;
		};
		F03360452AEC09F7000E7748 /* PBXTargetDependency */ = {
			isa = PBXTargetDependency;
			target = F033601F2AEC09F5000E7748 /* KinzooTask */;
			targetProxy = F03360442AEC09F7000E7748 /* PBXContainerItemProxy */;
		};
/* End PBXTargetDependency section */

/* Begin PBXVariantGroup section */
		F03360312AEC09F7000E7748 /* LaunchScreen.storyboard */ = {
			isa = PBXVariantGroup;
			children = (
				F03360322AEC09F7000E7748 /* Base */,
			);
			name = LaunchScreen.storyboard;
			sourceTree = "<group>";
		};
/* End PBXVariantGroup section */

/* Begin XCBuildConfiguration section */
		F033604B2AEC09F7000E7748 /* Debug */ = {
			isa = XCBuildConfiguration;
			buildSettings = {
				ALWAYS_SEARCH_USER_PATHS = NO;
				ASSETCATALOG_COMPILER_GENERATE_SWIFT_ASSET_SYMBOL_EXTENSIONS = YES;
				CLANG_ANALYZER_NONNULL = YES;
				CLANG_ANALYZER_NUMBER_OBJECT_CONVERSION = YES_AGGRESSIVE;
				CLANG_CXX_LANGUAGE_STANDARD = "gnu++20";
				CLANG_ENABLE_MODULES = YES;
				CLANG_ENABLE_OBJC_ARC = YES;
				CLANG_ENABLE_OBJC_WEAK = YES;
				CLANG_WARN_BLOCK_CAPTURE_AUTORELEASING = YES;
				CLANG_WARN_BOOL_CONVERSION = YES;
				CLANG_WARN_COMMA = YES;
				CLANG_WARN_CONSTANT_CONVERSION = YES;
				CLANG_WARN_DEPRECATED_OBJC_IMPLEMENTATIONS = YES;
				CLANG_WARN_DIRECT_OBJC_ISA_USAGE = YES_ERROR;
				CLANG_WARN_DOCUMENTATION_COMMENTS = YES;
				CLANG_WARN_EMPTY_BODY = YES;
				CLANG_WARN_ENUM_CONVERSION = YES;
				CLANG_WARN_INFINITE_RECURSION = YES;
				CLANG_WARN_INT_CONVERSION = YES;
				CLANG_WARN_NON_LITERAL_NULL_CONVERSION = YES;
				CLANG_WARN_OBJC_IMPLICIT_RETAIN_SELF = YES;
				CLANG_WARN_OBJC_LITERAL_CONVERSION = YES;
				CLANG_WARN_OBJC_ROOT_CLASS = YES_ERROR;
				CLANG_WARN_QUOTED_INCLUDE_IN_FRAMEWORK_HEADER = YES;
				CLANG_WARN_RANGE_LOOP_ANALYSIS = YES;
				CLANG_WARN_STRICT_PROTOTYPES = YES;
				CLANG_WARN_SUSPICIOUS_MOVE = YES;
				CLANG_WARN_UNGUARDED_AVAILABILITY = YES_AGGRESSIVE;
				CLANG_WARN_UNREACHABLE_CODE = YES;
				CLANG_WARN__DUPLICATE_METHOD_MATCH = YES;
				COPY_PHASE_STRIP = NO;
				DEBUG_INFORMATION_FORMAT = dwarf;
				ENABLE_STRICT_OBJC_MSGSEND = YES;
				ENABLE_TESTABILITY = YES;
				ENABLE_USER_SCRIPT_SANDBOXING = YES;
				GCC_C_LANGUAGE_STANDARD = gnu17;
				GCC_DYNAMIC_NO_PIC = NO;
				GCC_NO_COMMON_BLOCKS = YES;
				GCC_OPTIMIZATION_LEVEL = 0;
				GCC_PREPROCESSOR_DEFINITIONS = (
					"DEBUG=1",
					"$(inherited)",
				);
				GCC_WARN_64_TO_32_BIT_CONVERSION = YES;
				GCC_WARN_ABOUT_RETURN_TYPE = YES_ERROR;
				GCC_WARN_UNDECLARED_SELECTOR = YES;
				GCC_WARN_UNINITIALIZED_AUTOS = YES_AGGRESSIVE;
				GCC_WARN_UNUSED_FUNCTION = YES;
				GCC_WARN_UNUSED_VARIABLE = YES;
				IPHONEOS_DEPLOYMENT_TARGET = 17.0;
				LOCALIZATION_PREFERS_STRING_CATALOGS = YES;
				MTL_ENABLE_DEBUG_INFO = INCLUDE_SOURCE;
				MTL_FAST_MATH = YES;
				ONLY_ACTIVE_ARCH = YES;
				SDKROOT = iphoneos;
				SWIFT_ACTIVE_COMPILATION_CONDITIONS = "DEBUG $(inherited)";
				SWIFT_OPTIMIZATION_LEVEL = "-Onone";
			};
			name = Debug;
		};
		F033604C2AEC09F7000E7748 /* Release */ = {
			isa = XCBuildConfiguration;
			buildSettings = {
				ALWAYS_SEARCH_USER_PATHS = NO;
				ASSETCATALOG_COMPILER_GENERATE_SWIFT_ASSET_SYMBOL_EXTENSIONS = YES;
				CLANG_ANALYZER_NONNULL = YES;
				CLANG_ANALYZER_NUMBER_OBJECT_CONVERSION = YES_AGGRESSIVE;
				CLANG_CXX_LANGUAGE_STANDARD = "gnu++20";
				CLANG_ENABLE_MODULES = YES;
				CLANG_ENABLE_OBJC_ARC = YES;
				CLANG_ENABLE_OBJC_WEAK = YES;
				CLANG_WARN_BLOCK_CAPTURE_AUTORELEASING = YES;
				CLANG_WARN_BOOL_CONVERSION = YES;
				CLANG_WARN_COMMA = YES;
				CLANG_WARN_CONSTANT_CONVERSION = YES;
				CLANG_WARN_DEPRECATED_OBJC_IMPLEMENTATIONS = YES;
				CLANG_WARN_DIRECT_OBJC_ISA_USAGE = YES_ERROR;
				CLANG_WARN_DOCUMENTATION_COMMENTS = YES;
				CLANG_WARN_EMPTY_BODY = YES;
				CLANG_WARN_ENUM_CONVERSION = YES;
				CLANG_WARN_INFINITE_RECURSION = YES;
				CLANG_WARN_INT_CONVERSION = YES;
				CLANG_WARN_NON_LITERAL_NULL_CONVERSION = YES;
				CLANG_WARN_OBJC_IMPLICIT_RETAIN_SELF = YES;
				CLANG_WARN_OBJC_LITERAL_CONVERSION = YES;
				CLANG_WARN_OBJC_ROOT_CLASS = YES_ERROR;
				CLANG_WARN_QUOTED_INCLUDE_IN_FRAMEWORK_HEADER = YES;
				CLANG_WARN_RANGE_LOOP_ANALYSIS = YES;
				CLANG_WARN_STRICT_PROTOTYPES = YES;
				CLANG_WARN_SUSPICIOUS_MOVE = YES;
				CLANG_WARN_UNGUARDED_AVAILABILITY = YES_AGGRESSIVE;
				CLANG_WARN_UNREACHABLE_CODE = YES;
				CLANG_WARN__DUPLICATE_METHOD_MATCH = YES;
				COPY_PHASE_STRIP = NO;
				DEBUG_INFORMATION_FORMAT = "dwarf-with-dsym";
				ENABLE_NS_ASSERTIONS = NO;
				ENABLE_STRICT_OBJC_MSGSEND = YES;
				ENABLE_USER_SCRIPT_SANDBOXING = YES;
				GCC_C_LANGUAGE_STANDARD = gnu17;
				GCC_NO_COMMON_BLOCKS = YES;
				GCC_WARN_64_TO_32_BIT_CONVERSION = YES;
				GCC_WARN_ABOUT_RETURN_TYPE = YES_ERROR;
				GCC_WARN_UNDECLARED_SELECTOR = YES;
				GCC_WARN_UNINITIALIZED_AUTOS = YES_AGGRESSIVE;
				GCC_WARN_UNUSED_FUNCTION = YES;
				GCC_WARN_UNUSED_VARIABLE = YES;
				IPHONEOS_DEPLOYMENT_TARGET = 17.0;
				LOCALIZATION_PREFERS_STRING_CATALOGS = YES;
				MTL_ENABLE_DEBUG_INFO = NO;
				MTL_FAST_MATH = YES;
				SDKROOT = iphoneos;
				SWIFT_COMPILATION_MODE = wholemodule;
				VALIDATE_PRODUCT = YES;
			};
			name = Release;
		};
		F033604E2AEC09F7000E7748 /* Debug */ = {
			isa = XCBuildConfiguration;
			buildSettings = {
				ASSETCATALOG_COMPILER_APPICON_NAME = AppIcon;
				ASSETCATALOG_COMPILER_GLOBAL_ACCENT_COLOR_NAME = AccentColor;
				CODE_SIGN_STYLE = Automatic;
				CURRENT_PROJECT_VERSION = 1;
				DEVELOPMENT_TEAM = C236VH3PBA;
				GENERATE_INFOPLIST_FILE = YES;
				INFOPLIST_FILE = KinzooTask/Info.plist;
				INFOPLIST_KEY_UIApplicationSupportsIndirectInputEvents = YES;
				INFOPLIST_KEY_UILaunchStoryboardName = LaunchScreen;
				INFOPLIST_KEY_UIMainStoryboardFile = "";
				INFOPLIST_KEY_UISupportedInterfaceOrientations = UIInterfaceOrientationPortrait;
				INFOPLIST_KEY_UISupportedInterfaceOrientations_iPad = "UIInterfaceOrientationLandscapeLeft UIInterfaceOrientationLandscapeRight UIInterfaceOrientationPortrait UIInterfaceOrientationPortraitUpsideDown";
				IPHONEOS_DEPLOYMENT_TARGET = 15.0;
				LD_RUNPATH_SEARCH_PATHS = (
					"$(inherited)",
					"@executable_path/Frameworks",
				);
				MARKETING_VERSION = 1.0;
				PRODUCT_BUNDLE_IDENTIFIER = com.victor.KinzooTask;
				PRODUCT_NAME = "$(TARGET_NAME)";
				SUPPORTED_PLATFORMS = "iphoneos iphonesimulator";
				SUPPORTS_MACCATALYST = NO;
				SUPPORTS_MAC_DESIGNED_FOR_IPHONE_IPAD = NO;
				SWIFT_EMIT_LOC_STRINGS = YES;
				SWIFT_VERSION = 5.0;
				TARGETED_DEVICE_FAMILY = 1;
			};
			name = Debug;
		};
		F033604F2AEC09F7000E7748 /* Release */ = {
			isa = XCBuildConfiguration;
			buildSettings = {
				ASSETCATALOG_COMPILER_APPICON_NAME = AppIcon;
				ASSETCATALOG_COMPILER_GLOBAL_ACCENT_COLOR_NAME = AccentColor;
				CODE_SIGN_STYLE = Automatic;
				CURRENT_PROJECT_VERSION = 1;
				DEVELOPMENT_TEAM = C236VH3PBA;
				GENERATE_INFOPLIST_FILE = YES;
				INFOPLIST_FILE = KinzooTask/Info.plist;
				INFOPLIST_KEY_UIApplicationSupportsIndirectInputEvents = YES;
				INFOPLIST_KEY_UILaunchStoryboardName = LaunchScreen;
				INFOPLIST_KEY_UIMainStoryboardFile = "";
				INFOPLIST_KEY_UISupportedInterfaceOrientations = UIInterfaceOrientationPortrait;
				INFOPLIST_KEY_UISupportedInterfaceOrientations_iPad = "UIInterfaceOrientationLandscapeLeft UIInterfaceOrientationLandscapeRight UIInterfaceOrientationPortrait UIInterfaceOrientationPortraitUpsideDown";
				IPHONEOS_DEPLOYMENT_TARGET = 15.0;
				LD_RUNPATH_SEARCH_PATHS = (
					"$(inherited)",
					"@executable_path/Frameworks",
				);
				MARKETING_VERSION = 1.0;
				PRODUCT_BUNDLE_IDENTIFIER = com.victor.KinzooTask;
				PRODUCT_NAME = "$(TARGET_NAME)";
				SUPPORTED_PLATFORMS = "iphoneos iphonesimulator";
				SUPPORTS_MACCATALYST = NO;
				SUPPORTS_MAC_DESIGNED_FOR_IPHONE_IPAD = NO;
				SWIFT_EMIT_LOC_STRINGS = YES;
				SWIFT_VERSION = 5.0;
				TARGETED_DEVICE_FAMILY = 1;
			};
			name = Release;
		};
		F03360512AEC09F7000E7748 /* Debug */ = {
			isa = XCBuildConfiguration;
			buildSettings = {
				ALWAYS_EMBED_SWIFT_STANDARD_LIBRARIES = YES;
				BUNDLE_LOADER = "$(TEST_HOST)";
				CODE_SIGN_STYLE = Automatic;
				CURRENT_PROJECT_VERSION = 1;
				DEVELOPMENT_TEAM = C236VH3PBA;
				GENERATE_INFOPLIST_FILE = YES;
				IPHONEOS_DEPLOYMENT_TARGET = 17.0;
				MARKETING_VERSION = 1.0;
				PRODUCT_BUNDLE_IDENTIFIER = com.victor.KinzooTaskTests;
				PRODUCT_NAME = "$(TARGET_NAME)";
				SWIFT_EMIT_LOC_STRINGS = NO;
				SWIFT_VERSION = 5.0;
				TARGETED_DEVICE_FAMILY = "1,2";
				TEST_HOST = "$(BUILT_PRODUCTS_DIR)/KinzooTask.app/$(BUNDLE_EXECUTABLE_FOLDER_PATH)/KinzooTask";
			};
			name = Debug;
		};
		F03360522AEC09F7000E7748 /* Release */ = {
			isa = XCBuildConfiguration;
			buildSettings = {
				ALWAYS_EMBED_SWIFT_STANDARD_LIBRARIES = YES;
				BUNDLE_LOADER = "$(TEST_HOST)";
				CODE_SIGN_STYLE = Automatic;
				CURRENT_PROJECT_VERSION = 1;
				DEVELOPMENT_TEAM = C236VH3PBA;
				GENERATE_INFOPLIST_FILE = YES;
				IPHONEOS_DEPLOYMENT_TARGET = 17.0;
				MARKETING_VERSION = 1.0;
				PRODUCT_BUNDLE_IDENTIFIER = com.victor.KinzooTaskTests;
				PRODUCT_NAME = "$(TARGET_NAME)";
				SWIFT_EMIT_LOC_STRINGS = NO;
				SWIFT_VERSION = 5.0;
				TARGETED_DEVICE_FAMILY = "1,2";
				TEST_HOST = "$(BUILT_PRODUCTS_DIR)/KinzooTask.app/$(BUNDLE_EXECUTABLE_FOLDER_PATH)/KinzooTask";
			};
			name = Release;
		};
		F03360542AEC09F7000E7748 /* Debug */ = {
			isa = XCBuildConfiguration;
			buildSettings = {
				ALWAYS_EMBED_SWIFT_STANDARD_LIBRARIES = YES;
				CODE_SIGN_STYLE = Automatic;
				CURRENT_PROJECT_VERSION = 1;
				DEVELOPMENT_TEAM = C236VH3PBA;
				GENERATE_INFOPLIST_FILE = YES;
				MARKETING_VERSION = 1.0;
				PRODUCT_BUNDLE_IDENTIFIER = com.victor.KinzooTaskUITests;
				PRODUCT_NAME = "$(TARGET_NAME)";
				SWIFT_EMIT_LOC_STRINGS = NO;
				SWIFT_VERSION = 5.0;
				TARGETED_DEVICE_FAMILY = "1,2";
				TEST_TARGET_NAME = KinzooTask;
			};
			name = Debug;
		};
		F03360552AEC09F7000E7748 /* Release */ = {
			isa = XCBuildConfiguration;
			buildSettings = {
				ALWAYS_EMBED_SWIFT_STANDARD_LIBRARIES = YES;
				CODE_SIGN_STYLE = Automatic;
				CURRENT_PROJECT_VERSION = 1;
				DEVELOPMENT_TEAM = C236VH3PBA;
				GENERATE_INFOPLIST_FILE = YES;
				MARKETING_VERSION = 1.0;
				PRODUCT_BUNDLE_IDENTIFIER = com.victor.KinzooTaskUITests;
				PRODUCT_NAME = "$(TARGET_NAME)";
				SWIFT_EMIT_LOC_STRINGS = NO;
				SWIFT_VERSION = 5.0;
				TARGETED_DEVICE_FAMILY = "1,2";
				TEST_TARGET_NAME = KinzooTask;
			};
			name = Release;
		};
/* End XCBuildConfiguration section */

/* Begin XCConfigurationList section */
		F033601B2AEC09F5000E7748 /* Build configuration list for PBXProject "KinzooTask" */ = {
			isa = XCConfigurationList;
			buildConfigurations = (
				F033604B2AEC09F7000E7748 /* Debug */,
				F033604C2AEC09F7000E7748 /* Release */,
			);
			defaultConfigurationIsVisible = 0;
			defaultConfigurationName = Release;
		};
		F033604D2AEC09F7000E7748 /* Build configuration list for PBXNativeTarget "KinzooTask" */ = {
			isa = XCConfigurationList;
			buildConfigurations = (
				F033604E2AEC09F7000E7748 /* Debug */,
				F033604F2AEC09F7000E7748 /* Release */,
			);
			defaultConfigurationIsVisible = 0;
			defaultConfigurationName = Release;
		};
		F03360502AEC09F7000E7748 /* Build configuration list for PBXNativeTarget "KinzooTaskTests" */ = {
			isa = XCConfigurationList;
			buildConfigurations = (
				F03360512AEC09F7000E7748 /* Debug */,
				F03360522AEC09F7000E7748 /* Release */,
			);
			defaultConfigurationIsVisible = 0;
			defaultConfigurationName = Release;
		};
		F03360532AEC09F7000E7748 /* Build configuration list for PBXNativeTarget "KinzooTaskUITests" */ = {
			isa = XCConfigurationList;
			buildConfigurations = (
				F03360542AEC09F7000E7748 /* Debug */,
				F03360552AEC09F7000E7748 /* Release */,
			);
			defaultConfigurationIsVisible = 0;
			defaultConfigurationName = Release;
		};
/* End XCConfigurationList section */

/* Begin XCVersionGroup section */
		F033602C2AEC09F6000E7748 /* KinzooTask.xcdatamodeld */ = {
			isa = XCVersionGroup;
			children = (
				F033602D2AEC09F6000E7748 /* KinzooTask.xcdatamodel */,
			);
			currentVersion = F033602D2AEC09F6000E7748 /* KinzooTask.xcdatamodel */;
			path = KinzooTask.xcdatamodeld;
			sourceTree = "<group>";
			versionGroupType = wrapper.xcdatamodel;
		};
/* End XCVersionGroup section */
	};
	rootObject = F03360182AEC09F5000E7748 /* Project object */;
}
